
Microsoft Visual Studio Solution File, Format Version 12.00
# Visual Studio Version 17
VisualStudioVersion = 17.4.33110.190
MinimumVisualStudioVersion = 10.0.40219.1
Project("{FAE04EC0-301F-11D3-BF4B-00C04F79EFBC}") = "SoftlineIntegrationSystem", "SoftlineIntegrationSystem\SoftlineIntegrationSystem.csproj", "{D3220169-2DAC-460C-8BFF-8E65F463A572}"
EndProject
Global
	GlobalSection(SolutionConfigurationPlatforms) = preSolution
		Debug|Any CPU = Debug|Any CPU
		Release|Any CPU = Release|Any CPU
	EndGlobalSection
	GlobalSection(ProjectConfigurationPlatforms) = postSolution
		{D3220169-2DAC-460C-8BFF-8E65F463A572}.Debug|Any CPU.ActiveCfg = Debug|Any CPU
		{D3220169-2DAC-460C-8BFF-8E65F463A572}.Debug|Any CPU.Build.0 = Debug|Any CPU
		{D3220169-2DAC-460C-8BFF-8E65F463A572}.Release|Any CPU.ActiveCfg = Release|Any CPU
		{D3220169-2DAC-460C-8BFF-8E65F463A572}.Release|Any CPU.Build.0 = Release|Any CPU
	EndGlobalSection
	GlobalSection(SolutionProperties) = preSolution
		HideSolutionNode = FALSE
	EndGlobalSection
	GlobalSection(ExtensibilityGlobals) = postSolution
		SolutionGuid = {7F8DBD91-D3D9-4BF9-882C-5E1245A07315}
	EndGlobalSection
EndGlobal
